{
  "name": "thepressbox",
  "version": "0.1.0",
  "lockfileVersion": 1,
  "requires": true,
  "dependencies": {
    "@fortawesome/fontawesome": {
      "version": "1.1.5",
      "resolved": "https://registry.npmjs.org/@fortawesome/fontawesome/-/fontawesome-1.1.5.tgz",
      "integrity": "sha512-WAgbcVs7/YTxq7RK/dhyoJPzaIZpOQnStyO5s1sj0rZa0J1ScXYoGPmsP1ec6qM/BhDjRVB228xr2DiCPTHRCA==",
      "requires": {
        "@fortawesome/fontawesome-common-types": "0.1.4"
      }
    },
    "@fortawesome/fontawesome-common-types": {
      "version": "0.1.4",
      "resolved": "https://registry.npmjs.org/@fortawesome/fontawesome-common-types/-/fontawesome-common-types-0.1.4.tgz",
      "integrity": "sha512-JEgIoqh9HAQWul8CVLrOmWUI8nUQfCJZygRJ1Cr2H/O3+pCpVszW199cIpc7k7Nr1HJtLD77AUZVnxaKllx7AQ=="
    },
    "@fortawesome/react-fontawesome": {
      "version": "0.0.18",
      "resolved": "https://registry.npmjs.org/@fortawesome/react-fontawesome/-/react-fontawesome-0.0.18.tgz",
      "integrity": "sha512-ZSO55oWtGSZFvoJW0gvhlYndKvHqmMj/27qTrJOT4DaxQ4Fcc90h/BVEED6IktzBqEunUF8aP+bwU5Og1I0fnQ==",
      "requires": {
        "humps": "2.0.1"
      }
    },
    "humps": {
      "version": "2.0.1",
      "resolved": "https://registry.npmjs.org/humps/-/humps-2.0.1.tgz",
      "integrity": "sha1-3QLqYIG9BWjcXQcxhEY5V7qe+ao="
    }
  }
}
